
Microsoft Visual Studio Solution File, Format Version 12.00
# Visual Studio Version 17
VisualStudioVersion = 17.5.33627.172
MinimumVisualStudioVersion = 10.0.40219.1
Project("{9A19103F-16F7-4668-BE54-9A1E7A4F7556}") = "MusicAPIV1", "MusicAPIV1\MusicAPIV1.csproj", "{E8D32AA8-DCB3-4D3E-BFBE-793FD54048CF}"
EndProject
Project("{FAE04EC0-301F-11D3-BF4B-00C04F79EFBC}") = "MusicAPIV2", "MusicAPIV2\MusicAPIV2.csproj", "{617F8CB4-E89A-49A7-A113-3BA50D8BFDB2}"
EndProject
Global
	GlobalSection(SolutionConfigurationPlatforms) = preSolution
		Debug|Any CPU = Debug|Any CPU
		Release|Any CPU = Release|Any CPU
	EndGlobalSection
	GlobalSection(ProjectConfigurationPlatforms) = postSolution
		{E8D32AA8-DCB3-4D3E-BFBE-793FD54048CF}.Debug|Any CPU.ActiveCfg = Debug|Any CPU
		{E8D32AA8-DCB3-4D3E-BFBE-793FD54048CF}.Debug|Any CPU.Build.0 = Debug|Any CPU
		{E8D32AA8-DCB3-4D3E-BFBE-793FD54048CF}.Release|Any CPU.ActiveCfg = Release|Any CPU
		{E8D32AA8-DCB3-4D3E-BFBE-793FD54048CF}.Release|Any CPU.Build.0 = Release|Any CPU
		{617F8CB4-E89A-49A7-A113-3BA50D8BFDB2}.Debug|Any CPU.ActiveCfg = Debug|Any CPU
		{617F8CB4-E89A-49A7-A113-3BA50D8BFDB2}.Debug|Any CPU.Build.0 = Debug|Any CPU
		{617F8CB4-E89A-49A7-A113-3BA50D8BFDB2}.Release|Any CPU.ActiveCfg = Release|Any CPU
		{617F8CB4-E89A-49A7-A113-3BA50D8BFDB2}.Release|Any CPU.Build.0 = Release|Any CPU
	EndGlobalSection
	GlobalSection(SolutionProperties) = preSolution
		HideSolutionNode = FALSE
	EndGlobalSection
	GlobalSection(ExtensibilityGlobals) = postSolution
		SolutionGuid = {82552209-1EB1-4B68-86EB-84EF5FB3C88B}
	EndGlobalSection
EndGlobal
